
Microsoft Visual Studio Solution File, Format Version 12.00
# Visual Studio Version 16
VisualStudioVersion = 16.0.30114.105
MinimumVisualStudioVersion = 10.0.40219.1
Project("{2150E333-8FDC-42A3-9474-1A3956D46DE8}") = "src", "src", "{2EFCB6A3-C375-40BC-A808-AB07626BA991}"
EndProject
Project("{FAE04EC0-301F-11D3-BF4B-00C04F79EFBC}") = "TeduMicroservices.IDP", "src\TeduMicroservices.IDP\TeduMicroservices.IDP.csproj", "{0ED4128E-E440-4794-9B45-FD8406FC9347}"
EndProject
Global
	GlobalSection(SolutionConfigurationPlatforms) = preSolution
		Debug|Any CPU = Debug|Any CPU
		Release|Any CPU = Release|Any CPU
	EndGlobalSection
	GlobalSection(SolutionProperties) = preSolution
		HideSolutionNode = FALSE
	EndGlobalSection
	GlobalSection(ProjectConfigurationPlatforms) = postSolution
		{0ED4128E-E440-4794-9B45-FD8406FC9347}.Debug|Any CPU.ActiveCfg = Debug|Any CPU
		{0ED4128E-E440-4794-9B45-FD8406FC9347}.Debug|Any CPU.Build.0 = Debug|Any CPU
		{0ED4128E-E440-4794-9B45-FD8406FC9347}.Release|Any CPU.ActiveCfg = Release|Any CPU
		{0ED4128E-E440-4794-9B45-FD8406FC9347}.Release|Any CPU.Build.0 = Release|Any CPU
	EndGlobalSection
	GlobalSection(NestedProjects) = preSolution
		{0ED4128E-E440-4794-9B45-FD8406FC9347} = {2EFCB6A3-C375-40BC-A808-AB07626BA991}
	EndGlobalSection
EndGlobal
